
Microsoft Visual Studio Solution File, Format Version 12.00
# Visual Studio 2013
VisualStudioVersion = 12.0.31101.0
MinimumVisualStudioVersion = 10.0.40219.1
Project("{FAE04EC0-301F-11D3-BF4B-00C04F79EFBC}") = "Helpers", "Helpers\Helpers.csproj", "{3A30348C-3D3C-4ABB-93F3-470C20328625}"
EndProject
Project("{FAE04EC0-301F-11D3-BF4B-00C04F79EFBC}") = "Demo", "Demo\Demo.csproj", "{12CD6CE4-B2AB-4EA0-B402-39E5CBB426D3}"
EndProject
Global
	GlobalSection(SolutionConfigurationPlatforms) = preSolution
		Debug|Any CPU = Debug|Any CPU
		Release|Any CPU = Release|Any CPU
	EndGlobalSection
	GlobalSection(ProjectConfigurationPlatforms) = postSolution
		{3A30348C-3D3C-4ABB-93F3-470C20328625}.Debug|Any CPU.ActiveCfg = Debug|Any CPU
		{3A30348C-3D3C-4ABB-93F3-470C20328625}.Debug|Any CPU.Build.0 = Debug|Any CPU
		{3A30348C-3D3C-4ABB-93F3-470C20328625}.Release|Any CPU.ActiveCfg = Release|Any CPU
		{3A30348C-3D3C-4ABB-93F3-470C20328625}.Release|Any CPU.Build.0 = Release|Any CPU
		{12CD6CE4-B2AB-4EA0-B402-39E5CBB426D3}.Debug|Any CPU.ActiveCfg = Debug|Any CPU
		{12CD6CE4-B2AB-4EA0-B402-39E5CBB426D3}.Debug|Any CPU.Build.0 = Debug|Any CPU
		{12CD6CE4-B2AB-4EA0-B402-39E5CBB426D3}.Release|Any CPU.ActiveCfg = Release|Any CPU
		{12CD6CE4-B2AB-4EA0-B402-39E5CBB426D3}.Release|Any CPU.Build.0 = Release|Any CPU
	EndGlobalSection
	GlobalSection(SolutionProperties) = preSolution
		HideSolutionNode = FALSE
	EndGlobalSection
EndGlobal
